
Microsoft Visual Studio Solution File, Format Version 12.00
Project("{2150E333-8FDC-42A3-9474-1A3956D46DE8}") = "src", "src", "{78809096-14D5-4C7F-B031-E354F1B69226}"
EndProject
Project("{2150E333-8FDC-42A3-9474-1A3956D46DE8}") = "Shared", "Shared", "{E1D6C2AD-7991-4B87-BD02-6DAE27DCFAED}"
EndProject
Project("{FAE04EC0-301F-11D3-BF4B-00C04F79EFBC}") = "PackIT.Shared", "PackIT.Shared\PackIT.Shared.csproj", "{05699E7E-AB13-4F04-BAD1-12AEABBEE4C5}"
EndProject
Project("{FAE04EC0-301F-11D3-BF4B-00C04F79EFBC}") = "PackIT.Shared.Abstractions", "PackIT.Shared.Abstractions\PackIT.Shared.Abstractions.csproj", "{04C93625-BFF7-42CF-957B-DDF56AF23D10}"
EndProject
Project("{FAE04EC0-301F-11D3-BF4B-00C04F79EFBC}") = "PackIT.Api", "PackIT.Api\PackIT.Api.csproj", "{D28DC262-5C0D-4BF0-A4A6-EC491D30CB2D}"
EndProject
Project("{FAE04EC0-301F-11D3-BF4B-00C04F79EFBC}") = "PackIT.Application", "PackIT.Application\PackIT.Application.csproj", "{88B18D2E-D56B-48AE-8C62-3CE13959C135}"
EndProject
Project("{FAE04EC0-301F-11D3-BF4B-00C04F79EFBC}") = "PackIT.Domain", "PackIT.Domain\PackIT.Domain.csproj", "{7F6F22BE-0E88-400F-BF96-B0C519A6D993}"
EndProject
Project("{FAE04EC0-301F-11D3-BF4B-00C04F79EFBC}") = "PackIT.Infrastructure", "PackIT.Infrastructure\PackIT.Infrastructure.csproj", "{0A5B5412-9925-442C-9961-A9E744B76B4F}"
EndProject
Global
	GlobalSection(SolutionConfigurationPlatforms) = preSolution
		Debug|Any CPU = Debug|Any CPU
		Release|Any CPU = Release|Any CPU
	EndGlobalSection
	GlobalSection(NestedProjects) = preSolution
		{E1D6C2AD-7991-4B87-BD02-6DAE27DCFAED} = {78809096-14D5-4C7F-B031-E354F1B69226}
		{05699E7E-AB13-4F04-BAD1-12AEABBEE4C5} = {E1D6C2AD-7991-4B87-BD02-6DAE27DCFAED}
		{04C93625-BFF7-42CF-957B-DDF56AF23D10} = {E1D6C2AD-7991-4B87-BD02-6DAE27DCFAED}
		{D28DC262-5C0D-4BF0-A4A6-EC491D30CB2D} = {78809096-14D5-4C7F-B031-E354F1B69226}
		{88B18D2E-D56B-48AE-8C62-3CE13959C135} = {78809096-14D5-4C7F-B031-E354F1B69226}
		{7F6F22BE-0E88-400F-BF96-B0C519A6D993} = {78809096-14D5-4C7F-B031-E354F1B69226}
		{0A5B5412-9925-442C-9961-A9E744B76B4F} = {78809096-14D5-4C7F-B031-E354F1B69226}
	EndGlobalSection
	GlobalSection(ProjectConfigurationPlatforms) = postSolution
		{05699E7E-AB13-4F04-BAD1-12AEABBEE4C5}.Debug|Any CPU.ActiveCfg = Debug|Any CPU
		{05699E7E-AB13-4F04-BAD1-12AEABBEE4C5}.Debug|Any CPU.Build.0 = Debug|Any CPU
		{05699E7E-AB13-4F04-BAD1-12AEABBEE4C5}.Release|Any CPU.ActiveCfg = Release|Any CPU
		{05699E7E-AB13-4F04-BAD1-12AEABBEE4C5}.Release|Any CPU.Build.0 = Release|Any CPU
		{04C93625-BFF7-42CF-957B-DDF56AF23D10}.Debug|Any CPU.ActiveCfg = Debug|Any CPU
		{04C93625-BFF7-42CF-957B-DDF56AF23D10}.Debug|Any CPU.Build.0 = Debug|Any CPU
		{04C93625-BFF7-42CF-957B-DDF56AF23D10}.Release|Any CPU.ActiveCfg = Release|Any CPU
		{04C93625-BFF7-42CF-957B-DDF56AF23D10}.Release|Any CPU.Build.0 = Release|Any CPU
		{D28DC262-5C0D-4BF0-A4A6-EC491D30CB2D}.Debug|Any CPU.ActiveCfg = Debug|Any CPU
		{D28DC262-5C0D-4BF0-A4A6-EC491D30CB2D}.Debug|Any CPU.Build.0 = Debug|Any CPU
		{D28DC262-5C0D-4BF0-A4A6-EC491D30CB2D}.Release|Any CPU.ActiveCfg = Release|Any CPU
		{D28DC262-5C0D-4BF0-A4A6-EC491D30CB2D}.Release|Any CPU.Build.0 = Release|Any CPU
		{88B18D2E-D56B-48AE-8C62-3CE13959C135}.Debug|Any CPU.ActiveCfg = Debug|Any CPU
		{88B18D2E-D56B-48AE-8C62-3CE13959C135}.Debug|Any CPU.Build.0 = Debug|Any CPU
		{88B18D2E-D56B-48AE-8C62-3CE13959C135}.Release|Any CPU.ActiveCfg = Release|Any CPU
		{88B18D2E-D56B-48AE-8C62-3CE13959C135}.Release|Any CPU.Build.0 = Release|Any CPU
		{7F6F22BE-0E88-400F-BF96-B0C519A6D993}.Debug|Any CPU.ActiveCfg = Debug|Any CPU
		{7F6F22BE-0E88-400F-BF96-B0C519A6D993}.Debug|Any CPU.Build.0 = Debug|Any CPU
		{7F6F22BE-0E88-400F-BF96-B0C519A6D993}.Release|Any CPU.ActiveCfg = Release|Any CPU
		{7F6F22BE-0E88-400F-BF96-B0C519A6D993}.Release|Any CPU.Build.0 = Release|Any CPU
		{0A5B5412-9925-442C-9961-A9E744B76B4F}.Debug|Any CPU.ActiveCfg = Debug|Any CPU
		{0A5B5412-9925-442C-9961-A9E744B76B4F}.Debug|Any CPU.Build.0 = Debug|Any CPU
		{0A5B5412-9925-442C-9961-A9E744B76B4F}.Release|Any CPU.ActiveCfg = Release|Any CPU
		{0A5B5412-9925-442C-9961-A9E744B76B4F}.Release|Any CPU.Build.0 = Release|Any CPU
	EndGlobalSection
EndGlobal
